
Microsoft Visual Studio Solution File, Format Version 12.00
# Visual Studio Version 16
VisualStudioVersion = 16.0.31424.327
MinimumVisualStudioVersion = 10.0.40219.1
Project("{FAE04EC0-301F-11D3-BF4B-00C04F79EFBC}") = "contact list", "contact list.csproj", "{6B5543AD-8F79-4ED5-964E-52D47C66231C}"
EndProject
Global
	GlobalSection(SolutionConfigurationPlatforms) = preSolution
		Debug|Any CPU = Debug|Any CPU
		Release|Any CPU = Release|Any CPU
	EndGlobalSection
	GlobalSection(ProjectConfigurationPlatforms) = postSolution
		{6B5543AD-8F79-4ED5-964E-52D47C66231C}.Debug|Any CPU.ActiveCfg = Debug|Any CPU
		{6B5543AD-8F79-4ED5-964E-52D47C66231C}.Debug|Any CPU.Build.0 = Debug|Any CPU
		{6B5543AD-8F79-4ED5-964E-52D47C66231C}.Release|Any CPU.ActiveCfg = Release|Any CPU
		{6B5543AD-8F79-4ED5-964E-52D47C66231C}.Release|Any CPU.Build.0 = Release|Any CPU
	EndGlobalSection
	GlobalSection(SolutionProperties) = preSolution
		HideSolutionNode = FALSE
	EndGlobalSection
	GlobalSection(ExtensibilityGlobals) = postSolution
		SolutionGuid = {8F1B125E-90F5-4D3A-AD73-5C65F7F37419}
	EndGlobalSection
EndGlobal
